# THIS IS AN AUTOGENERATED FILE. DO NOT EDIT THIS FILE DIRECTLY.
# yarn lockfile v1


"@babel/polyfill@^7.8.3":
  version "7.10.1"
  resolved "https://registry.yarnpkg.com/@babel/polyfill/-/polyfill-7.10.1.tgz#d56d4c8be8dd6ec4dce2649474e9b707089f739f"
  integrity sha512-TviueJ4PBW5p48ra8IMtLXVkDucrlOZAIZ+EXqS3Ot4eukHbWiqcn7DcqpA1k5PcKtmJ4Xl9xwdv6yQvvcA+3g==
  dependencies:
    core-js "^2.6.5"
    regenerator-runtime "^0.13.4"

"@babel/runtime@^7.8.4":
  version "7.10.3"
  resolved "https://registry.yarnpkg.com/@babel/runtime/-/runtime-7.10.3.tgz#670d002655a7c366540c67f6fd3342cd09500364"
  integrity sha512-RzGO0RLSdokm9Ipe/YD+7ww8X2Ro79qiXZF3HU9ljrM+qnJmH1Vqth+hbiQZy761LnMJTMitHDuKVYTk3k4dLw==
  dependencies:
    regenerator-runtime "^0.13.4"

core-js@^2.6.5:
  version "2.6.11"
  resolved "https://registry.yarnpkg.com/core-js/-/core-js-2.6.11.tgz#38831469f9922bded8ee21c9dc46985e0399308c"
  integrity sha512-5wjnpaT/3dV+XB4borEsnAYQchn00XSgTAWKDkEqv+K8KevjbzmofK6hfJ9TZIlpj2N0xQpazy7PiRQiWHqzWg==

dcmjs@^0.13.2:
  version "0.13.2"
  resolved "https://registry.yarnpkg.com/dcmjs/-/dcmjs-0.13.2.tgz#1a37b9f46221dbe392d78d6c34845f2797ba8caf"
  integrity sha512-lTtGsUSLW53VXr/bzNqWG+mZoPrd3gTrRd2mgFBSYTSxBsEcKmFzD2FsOADYQ5DD02pthxuoHx5FjyjGcN2GLA==
  dependencies:
    "@babel/polyfill" "^7.8.3"
    "@babel/runtime" "^7.8.4"
    loglevelnext "^3.0.1"
    ndarray "^1.0.19"

dicom-parser@^1.8.5:
  version "1.8.5"
  resolved "https://registry.yarnpkg.com/dicom-parser/-/dicom-parser-1.8.5.tgz#626aab3f3aa3d54452c302b2628248f27b351f22"
  integrity sha512-gaUOcyPkJ3ykOvSf1nQdNoTnIT4s/evXSaHHOH2OejmVxU3BGjjx1hXBy2zs57gH6ouMEa1TEhLXo4JEiSc1SA==

iota-array@^1.0.0:
  version "1.0.0"
  resolved "https://registry.yarnpkg.com/iota-array/-/iota-array-1.0.0.tgz#81ef57fe5d05814cd58c2483632a99c30a0e8087"
  integrity sha1-ge9X/l0FgUzVjCSDYyqZwwoOgIc=

is-buffer@^1.0.2:
  version "1.1.6"
  resolved "https://registry.yarnpkg.com/is-buffer/-/is-buffer-1.1.6.tgz#efaa2ea9daa0d7ab2ea13a97b2b8ad51fefbe8be"
  integrity sha512-NcdALwpXkTm5Zvvbk7owOUSvVvBKDgKP5/ewfXEznmQFfs4ZRmanOeKBTjRVjka3QFoN6XJ+9F3USqfHqTaU5w==

loglevelnext@^3.0.1:
  version "3.0.1"
  resolved "https://registry.yarnpkg.com/loglevelnext/-/loglevelnext-3.0.1.tgz#e3e4659c4061c09264f6812c33586dc55a009a04"
  integrity sha512-JpjaJhIN1reaSb26SIxDGtE0uc67gPl19OMVHrr+Ggt6b/Vy60jmCtKgQBrygAH0bhRA2nkxgDvM+8QvR8r0YA==

ndarray@^1.0.19:
  version "1.0.19"
  resolved "https://registry.yarnpkg.com/ndarray/-/ndarray-1.0.19.tgz#6785b5f5dfa58b83e31ae5b2a058cfd1ab3f694e"
  integrity sha512-B4JHA4vdyZU30ELBw3g7/p9bZupyew5a7tX1Y/gGeF2hafrPaQZhgrGQfsvgfYbgdFZjYwuEcnaobeM/WMW+HQ==
  dependencies:
    iota-array "^1.0.0"
    is-buffer "^1.0.2"

regenerator-runtime@^0.13.4:
  version "0.13.5"
  resolved "https://registry.yarnpkg.com/regenerator-runtime/-/regenerator-runtime-0.13.5.tgz#d878a1d094b4306d10b9096484b33ebd55e26697"
  integrity sha512-ZS5w8CpKFinUzOwW3c83oPeVXoNsrLsaCoLtJvAClH135j/R77RuymhiSErhm2lKcwSCIpmvIWSbDkIfAqKQlA==
